
Microsoft Visual Studio Solution File, Format Version 12.00
# Visual Studio 15
VisualStudioVersion = 15.0.26124.0
MinimumVisualStudioVersion = 15.0.26124.0
Project("{FAE04EC0-301F-11D3-BF4B-00C04F79EFBC}") = "CariBengkel.Common", "CariBengkel.Common\CariBengkel.Common.csproj", "{BC8ACED2-2859-48E5-9E52-A2875D1A732E}"
EndProject
Project("{FAE04EC0-301F-11D3-BF4B-00C04F79EFBC}") = "CariBengkel.Domain", "CariBengkel.Domain\CariBengkel.Domain.csproj", "{E20C003A-34EC-4132-A2E5-1B6F5C5D7167}"
EndProject
Project("{FAE04EC0-301F-11D3-BF4B-00C04F79EFBC}") = "CariBengkel.Repository", "CariBengkel.Repository\CariBengkel.Repository.csproj", "{10C14D9A-A993-47FD-8D31-6851BD01104F}"
EndProject
Project("{FAE04EC0-301F-11D3-BF4B-00C04F79EFBC}") = "CariBengkel.Website", "CariBengkel.Website\CariBengkel.Website.csproj", "{283A7085-DA11-473C-9AFB-47EE35289E71}"
EndProject
Global
	GlobalSection(SolutionConfigurationPlatforms) = preSolution
		Debug|Any CPU = Debug|Any CPU
		Debug|x64 = Debug|x64
		Debug|x86 = Debug|x86
		Release|Any CPU = Release|Any CPU
		Release|x64 = Release|x64
		Release|x86 = Release|x86
	EndGlobalSection
	GlobalSection(SolutionProperties) = preSolution
		HideSolutionNode = FALSE
	EndGlobalSection
	GlobalSection(ProjectConfigurationPlatforms) = postSolution
		{BC8ACED2-2859-48E5-9E52-A2875D1A732E}.Debug|Any CPU.ActiveCfg = Debug|Any CPU
		{BC8ACED2-2859-48E5-9E52-A2875D1A732E}.Debug|Any CPU.Build.0 = Debug|Any CPU
		{BC8ACED2-2859-48E5-9E52-A2875D1A732E}.Debug|x64.ActiveCfg = Debug|Any CPU
		{BC8ACED2-2859-48E5-9E52-A2875D1A732E}.Debug|x64.Build.0 = Debug|Any CPU
		{BC8ACED2-2859-48E5-9E52-A2875D1A732E}.Debug|x86.ActiveCfg = Debug|Any CPU
		{BC8ACED2-2859-48E5-9E52-A2875D1A732E}.Debug|x86.Build.0 = Debug|Any CPU
		{BC8ACED2-2859-48E5-9E52-A2875D1A732E}.Release|Any CPU.ActiveCfg = Release|Any CPU
		{BC8ACED2-2859-48E5-9E52-A2875D1A732E}.Release|Any CPU.Build.0 = Release|Any CPU
		{BC8ACED2-2859-48E5-9E52-A2875D1A732E}.Release|x64.ActiveCfg = Release|Any CPU
		{BC8ACED2-2859-48E5-9E52-A2875D1A732E}.Release|x64.Build.0 = Release|Any CPU
		{BC8ACED2-2859-48E5-9E52-A2875D1A732E}.Release|x86.ActiveCfg = Release|Any CPU
		{BC8ACED2-2859-48E5-9E52-A2875D1A732E}.Release|x86.Build.0 = Release|Any CPU
		{E20C003A-34EC-4132-A2E5-1B6F5C5D7167}.Debug|Any CPU.ActiveCfg = Debug|Any CPU
		{E20C003A-34EC-4132-A2E5-1B6F5C5D7167}.Debug|Any CPU.Build.0 = Debug|Any CPU
		{E20C003A-34EC-4132-A2E5-1B6F5C5D7167}.Debug|x64.ActiveCfg = Debug|Any CPU
		{E20C003A-34EC-4132-A2E5-1B6F5C5D7167}.Debug|x64.Build.0 = Debug|Any CPU
		{E20C003A-34EC-4132-A2E5-1B6F5C5D7167}.Debug|x86.ActiveCfg = Debug|Any CPU
		{E20C003A-34EC-4132-A2E5-1B6F5C5D7167}.Debug|x86.Build.0 = Debug|Any CPU
		{E20C003A-34EC-4132-A2E5-1B6F5C5D7167}.Release|Any CPU.ActiveCfg = Release|Any CPU
		{E20C003A-34EC-4132-A2E5-1B6F5C5D7167}.Release|Any CPU.Build.0 = Release|Any CPU
		{E20C003A-34EC-4132-A2E5-1B6F5C5D7167}.Release|x64.ActiveCfg = Release|Any CPU
		{E20C003A-34EC-4132-A2E5-1B6F5C5D7167}.Release|x64.Build.0 = Release|Any CPU
		{E20C003A-34EC-4132-A2E5-1B6F5C5D7167}.Release|x86.ActiveCfg = Release|Any CPU
		{E20C003A-34EC-4132-A2E5-1B6F5C5D7167}.Release|x86.Build.0 = Release|Any CPU
		{10C14D9A-A993-47FD-8D31-6851BD01104F}.Debug|Any CPU.ActiveCfg = Debug|Any CPU
		{10C14D9A-A993-47FD-8D31-6851BD01104F}.Debug|Any CPU.Build.0 = Debug|Any CPU
		{10C14D9A-A993-47FD-8D31-6851BD01104F}.Debug|x64.ActiveCfg = Debug|Any CPU
		{10C14D9A-A993-47FD-8D31-6851BD01104F}.Debug|x64.Build.0 = Debug|Any CPU
		{10C14D9A-A993-47FD-8D31-6851BD01104F}.Debug|x86.ActiveCfg = Debug|Any CPU
		{10C14D9A-A993-47FD-8D31-6851BD01104F}.Debug|x86.Build.0 = Debug|Any CPU
		{10C14D9A-A993-47FD-8D31-6851BD01104F}.Release|Any CPU.ActiveCfg = Release|Any CPU
		{10C14D9A-A993-47FD-8D31-6851BD01104F}.Release|Any CPU.Build.0 = Release|Any CPU
		{10C14D9A-A993-47FD-8D31-6851BD01104F}.Release|x64.ActiveCfg = Release|Any CPU
		{10C14D9A-A993-47FD-8D31-6851BD01104F}.Release|x64.Build.0 = Release|Any CPU
		{10C14D9A-A993-47FD-8D31-6851BD01104F}.Release|x86.ActiveCfg = Release|Any CPU
		{10C14D9A-A993-47FD-8D31-6851BD01104F}.Release|x86.Build.0 = Release|Any CPU
		{283A7085-DA11-473C-9AFB-47EE35289E71}.Debug|Any CPU.ActiveCfg = Debug|Any CPU
		{283A7085-DA11-473C-9AFB-47EE35289E71}.Debug|Any CPU.Build.0 = Debug|Any CPU
		{283A7085-DA11-473C-9AFB-47EE35289E71}.Debug|x64.ActiveCfg = Debug|Any CPU
		{283A7085-DA11-473C-9AFB-47EE35289E71}.Debug|x64.Build.0 = Debug|Any CPU
		{283A7085-DA11-473C-9AFB-47EE35289E71}.Debug|x86.ActiveCfg = Debug|Any CPU
		{283A7085-DA11-473C-9AFB-47EE35289E71}.Debug|x86.Build.0 = Debug|Any CPU
		{283A7085-DA11-473C-9AFB-47EE35289E71}.Release|Any CPU.ActiveCfg = Release|Any CPU
		{283A7085-DA11-473C-9AFB-47EE35289E71}.Release|Any CPU.Build.0 = Release|Any CPU
		{283A7085-DA11-473C-9AFB-47EE35289E71}.Release|x64.ActiveCfg = Release|Any CPU
		{283A7085-DA11-473C-9AFB-47EE35289E71}.Release|x64.Build.0 = Release|Any CPU
		{283A7085-DA11-473C-9AFB-47EE35289E71}.Release|x86.ActiveCfg = Release|Any CPU
		{283A7085-DA11-473C-9AFB-47EE35289E71}.Release|x86.Build.0 = Release|Any CPU
	EndGlobalSection
EndGlobal
